
Microsoft Visual Studio Solution File, Format Version 12.00
# Visual Studio Version 16
VisualStudioVersion = 16.0.28803.452
MinimumVisualStudioVersion = 10.0.40219.1
Project("{9A19103F-16F7-4668-BE54-9A1E7A4F7556}") = "DinamicDataMvc", "DinamicDataMvc\DinamicDataMvc.csproj", "{B8DFBA85-5891-4B8D-88AF-EBBCC9B3263B}"
EndProject
Project("{FAE04EC0-301F-11D3-BF4B-00C04F79EFBC}") = "NUnitTestProject", "NUnitTestProject\NUnitTestProject.csproj", "{07EFF639-EE60-42FE-80EF-B490AB6A43CB}"
EndProject
Global
	GlobalSection(SolutionConfigurationPlatforms) = preSolution
		Debug|Any CPU = Debug|Any CPU
		Release|Any CPU = Release|Any CPU
	EndGlobalSection
	GlobalSection(ProjectConfigurationPlatforms) = postSolution
		{B8DFBA85-5891-4B8D-88AF-EBBCC9B3263B}.Debug|Any CPU.ActiveCfg = Debug|Any CPU
		{B8DFBA85-5891-4B8D-88AF-EBBCC9B3263B}.Debug|Any CPU.Build.0 = Debug|Any CPU
		{B8DFBA85-5891-4B8D-88AF-EBBCC9B3263B}.Release|Any CPU.ActiveCfg = Release|Any CPU
		{B8DFBA85-5891-4B8D-88AF-EBBCC9B3263B}.Release|Any CPU.Build.0 = Release|Any CPU
		{07EFF639-EE60-42FE-80EF-B490AB6A43CB}.Debug|Any CPU.ActiveCfg = Debug|Any CPU
		{07EFF639-EE60-42FE-80EF-B490AB6A43CB}.Debug|Any CPU.Build.0 = Debug|Any CPU
		{07EFF639-EE60-42FE-80EF-B490AB6A43CB}.Release|Any CPU.ActiveCfg = Release|Any CPU
		{07EFF639-EE60-42FE-80EF-B490AB6A43CB}.Release|Any CPU.Build.0 = Release|Any CPU
	EndGlobalSection
	GlobalSection(SolutionProperties) = preSolution
		HideSolutionNode = FALSE
	EndGlobalSection
	GlobalSection(ExtensibilityGlobals) = postSolution
		SolutionGuid = {4A34602D-5E93-4A65-81D2-7062D5E5188A}
	EndGlobalSection
EndGlobal
